
Microsoft Visual Studio Solution File, Format Version 12.00
# Visual Studio Version 16
VisualStudioVersion = 16.0.29306.81
MinimumVisualStudioVersion = 10.0.40219.1
Project("{9A19103F-16F7-4668-BE54-9A1E7A4F7556}") = "KnightMovement", "KnightMovement.csproj", "{F66FED58-D9C6-4BF9-8FE3-80C31F3B7C3B}"
EndProject
Project("{FAE04EC0-301F-11D3-BF4B-00C04F79EFBC}") = "KnightMovement.Test", "..\KnightMovement.Test\KnightMovement.Test.csproj", "{B4B88F92-C14E-4243-A5A7-3A65198D055A}"
EndProject
Global
	GlobalSection(SolutionConfigurationPlatforms) = preSolution
		Debug|Any CPU = Debug|Any CPU
		Release|Any CPU = Release|Any CPU
	EndGlobalSection
	GlobalSection(ProjectConfigurationPlatforms) = postSolution
		{F66FED58-D9C6-4BF9-8FE3-80C31F3B7C3B}.Debug|Any CPU.ActiveCfg = Debug|Any CPU
		{F66FED58-D9C6-4BF9-8FE3-80C31F3B7C3B}.Debug|Any CPU.Build.0 = Debug|Any CPU
		{F66FED58-D9C6-4BF9-8FE3-80C31F3B7C3B}.Release|Any CPU.ActiveCfg = Release|Any CPU
		{F66FED58-D9C6-4BF9-8FE3-80C31F3B7C3B}.Release|Any CPU.Build.0 = Release|Any CPU
		{B4B88F92-C14E-4243-A5A7-3A65198D055A}.Debug|Any CPU.ActiveCfg = Debug|Any CPU
		{B4B88F92-C14E-4243-A5A7-3A65198D055A}.Debug|Any CPU.Build.0 = Debug|Any CPU
		{B4B88F92-C14E-4243-A5A7-3A65198D055A}.Release|Any CPU.ActiveCfg = Release|Any CPU
		{B4B88F92-C14E-4243-A5A7-3A65198D055A}.Release|Any CPU.Build.0 = Release|Any CPU
	EndGlobalSection
	GlobalSection(SolutionProperties) = preSolution
		HideSolutionNode = FALSE
	EndGlobalSection
	GlobalSection(ExtensibilityGlobals) = postSolution
		SolutionGuid = {7D23358C-D14D-472D-A7EE-4D9423989BD1}
	EndGlobalSection
EndGlobal
